{
  "version": "2",
  "remote": {
    "https://cdn.skypack.dev/-/debug@v4.3.4-o4liVvMlOnQWbLSYZMXw/dist=es2019,mode=imports/optimized/debug.js": "671100993996e39b501301a87000607916d4d2d9f8fc8e9c5200ae5ba64a1389",
    "https://cdn.skypack.dev/-/ms@v2.1.2-giBDZ1IA5lmQ3ZXaa87V/dist=es2019,mode=imports/optimized/ms.js": "fd88e2d51900437011f1ad232f3393ce97db1b87a7844b3c58dd6d65562c1276",
    "https://cdn.skypack.dev/debug@4.3.4": "7b1d010cc930f71b940ba5941da055bc181115229e29de7214bdb4425c68ea76",
    "https://deno.land/std@0.191.0/_util/asserts.ts": "178dfc49a464aee693a7e285567b3d0b555dc805ff490505a8aae34f9cfb1462",
    "https://deno.land/std@0.191.0/_util/os.ts": "d932f56d41e4f6a6093d56044e29ce637f8dcc43c5a90af43504a889cf1775e3",
    "https://deno.land/std@0.191.0/async/deferred.ts": "42790112f36a75a57db4a96d33974a936deb7b04d25c6084a9fa8a49f135def8",
    "https://deno.land/std@0.191.0/bytes/bytes_list.ts": "31d664f4d42fa922066405d0e421c56da89d751886ee77bbe25a88bf0310c9d0",
    "https://deno.land/std@0.191.0/bytes/copy.ts": "939d89e302a9761dcf1d9c937c7711174ed74c59eef40a1e4569a05c9de88219",
    "https://deno.land/std@0.191.0/collections/filter_values.ts": "5b9feaf17b9a6e5ffccdd36cf6f38fa4ffa94cff2602d381c2ad0c2a97929652",
    "https://deno.land/std@0.191.0/collections/without_all.ts": "a89f5da0b5830defed4f59666e188df411d8fece35a5f6ca69be6ca71a95c185",
    "https://deno.land/std@0.191.0/dotenv/mod.ts": "f5a8123741d1561ae8184a7f043bc097b15132c5171c651142b804b6dbc21853",
    "https://deno.land/std@0.191.0/encoding/base64.ts": "144ae6234c1fbe5b68666c711dc15b1e9ee2aef6d42b3b4345bf9a6c91d70d0d",
    "https://deno.land/std@0.191.0/fmt/colors.ts": "d67e3cd9f472535241a8e410d33423980bec45047e343577554d3356e1f0ef4e",
    "https://deno.land/std@0.191.0/fs/_util.ts": "fbf57dcdc9f7bc8128d60301eece608246971a7836a3bb1e78da75314f08b978",
    "https://deno.land/std@0.191.0/fs/copy.ts": "14214efd94fc3aa6db1e4af2b4b9578e50f7362b7f3725d5a14ad259a5df26c8",
    "https://deno.land/std@0.191.0/fs/empty_dir.ts": "c3d2da4c7352fab1cf144a1ecfef58090769e8af633678e0f3fabaef98594688",
    "https://deno.land/std@0.191.0/fs/ensure_dir.ts": "dc64c4c75c64721d4e3fb681f1382f803ff3d2868f08563ff923fdd20d071c40",
    "https://deno.land/std@0.191.0/fs/ensure_file.ts": "c38602670bfaf259d86ca824a94e6cb9e5eb73757fefa4ebf43a90dd017d53d9",
    "https://deno.land/std@0.191.0/fs/ensure_link.ts": "c0f5b2f0ec094ed52b9128eccb1ee23362a617457aa0f699b145d4883f5b2fb4",
    "https://deno.land/std@0.191.0/fs/ensure_symlink.ts": "5006ab2f458159c56d689b53b1e48d57e05eeb1eaf64e677f7f76a30bc4fdba1",
    "https://deno.land/std@0.191.0/fs/eol.ts": "f1f2eb348a750c34500741987b21d65607f352cf7205f48f4319d417fff42842",
    "https://deno.land/std@0.191.0/fs/exists.ts": "29c26bca8584a22876be7cb8844f1b6c8fc35e9af514576b78f5c6884d7ed02d",
    "https://deno.land/std@0.191.0/fs/expand_glob.ts": "e4f56259a0a70fe23f05215b00de3ac5e6ba46646ab2a06ebbe9b010f81c972a",
    "https://deno.land/std@0.191.0/fs/mod.ts": "bc3d0acd488cc7b42627044caf47d72019846d459279544e1934418955ba4898",
    "https://deno.land/std@0.191.0/fs/move.ts": "b4f8f46730b40c32ea3c0bc8eb0fd0e8139249a698883c7b3756424cf19785c9",
    "https://deno.land/std@0.191.0/fs/walk.ts": "920be35a7376db6c0b5b1caf1486fb962925e38c9825f90367f8f26b5e5d0897",
    "https://deno.land/std@0.191.0/io/buf_writer.ts": "48c33c8f00b61dcbc7958706741cec8e59810bd307bc6a326cbd474fe8346dfd",
    "https://deno.land/std@0.191.0/io/buffer.ts": "17f4410eaaa60a8a85733e8891349a619eadfbbe42e2f319283ce2b8f29723ab",
    "https://deno.land/std@0.191.0/log/handlers.ts": "38871ecbfa67b0d39dc3384210439ac9a13cba6118b912236f9011b5989b9a4d",
    "https://deno.land/std@0.191.0/log/levels.ts": "6309147664e9e008cd6671610f2505c4c95f181f6bae4816a84b33e0aec66859",
    "https://deno.land/std@0.191.0/log/logger.ts": "257ceb47e3f5f872068073de9809b015a7400e8d86dd40563c1d80169e578f71",
    "https://deno.land/std@0.191.0/log/mod.ts": "36d156ad18de3f1806c6ddafa4965129be99ccafc27f1813de528d65b6c528bf",
    "https://deno.land/std@0.191.0/path/_constants.ts": "e49961f6f4f48039c0dfed3c3f93e963ca3d92791c9d478ac5b43183413136e0",
    "https://deno.land/std@0.191.0/path/_interface.ts": "6471159dfbbc357e03882c2266d21ef9afdb1e4aa771b0545e90db58a0ba314b",
    "https://deno.land/std@0.191.0/path/_util.ts": "d7abb1e0dea065f427b89156e28cdeb32b045870acdf865833ba808a73b576d0",
    "https://deno.land/std@0.191.0/path/common.ts": "ee7505ab01fd22de3963b64e46cff31f40de34f9f8de1fff6a1bd2fe79380000",
    "https://deno.land/std@0.191.0/path/glob.ts": "d479e0a695621c94d3fd7fe7abd4f9499caf32a8de13f25073451c6ef420a4e1",
    "https://deno.land/std@0.191.0/path/mod.ts": "f065032a7189404fdac3ad1a1551a9ac84751d2f25c431e101787846c86c79ef",
    "https://deno.land/std@0.191.0/path/posix.ts": "8b7c67ac338714b30c816079303d0285dd24af6b284f7ad63da5b27372a2c94d",
    "https://deno.land/std@0.191.0/path/separator.ts": "0fb679739d0d1d7bf45b68dacfb4ec7563597a902edbaf3c59b50d5bcadd93b1",
    "https://deno.land/std@0.191.0/path/win32.ts": "d186344e5583bcbf8b18af416d13d82b35a317116e6460a5a3953508c3de5bba",
    "https://deno.land/std@0.191.0/streams/_common.ts": "f45cba84f0d813de3326466095539602364a9ba521f804cc758f7a475cda692d",
    "https://deno.land/std@0.191.0/streams/buffer.ts": "d5b3d7d0299114e5b2ea895a8bf202a687fd915c5282f8096c7bae23b5a04407",
    "https://deno.land/std@0.191.0/streams/byte_slice_stream.ts": "225d57263a34325d7c96cb3dafeb478eec0e6fd05cd0458d678752eadd132bb4",
    "https://deno.land/std@0.191.0/streams/copy.ts": "75cbc795ff89291df22ddca5252de88b2e16d40c85d02840593386a8a1454f71",
    "https://deno.land/std@0.191.0/streams/delimiter_stream.ts": "f69e849b3d1f59f02424497273f411105a6f76a9f13da92aeeb9a2d554236814",
    "https://deno.land/std@0.191.0/streams/early_zip_readable_streams.ts": "4005fa74162b943f79899e5d7cb96adcbc0a6b867f9144974ed12d30e0a556e1",
    "https://deno.land/std@0.191.0/streams/iterate_reader.ts": "bbec1d45c2df2c0c5920bad0549351446fdc8e0886d99e95959b259dbcdb6072",
    "https://deno.land/std@0.191.0/streams/limited_bytes_transform_stream.ts": "05dc592ffaab83257494d22dd53917e56243c26e5e3129b3f13ddbbbc4785048",
    "https://deno.land/std@0.191.0/streams/limited_transform_stream.ts": "d69ab790232c1b86f53621ad41ef03c235f2abb4b7a1cd51960ad6e12ee55e38",
    "https://deno.land/std@0.191.0/streams/merge_readable_streams.ts": "dc2db0cbf1b14d999aa2aa2a2a1ba24ce58953878f29845ed9319321d0a01fab",
    "https://deno.land/std@0.191.0/streams/mod.ts": "c07ec010e700b9ea887dc36ca08729828bc7912f711e4054e24d33fd46282252",
    "https://deno.land/std@0.191.0/streams/read_all.ts": "ee319772fb0fd28302f97343cc48dfcf948f154fd0d755d8efe65814b70533be",
    "https://deno.land/std@0.191.0/streams/readable_stream_from_iterable.ts": "cd4bb9e9bf6dbe84c213beb1f5085c326624421671473e410cfaecad15f01865",
    "https://deno.land/std@0.191.0/streams/readable_stream_from_reader.ts": "bfc416c4576a30aac6b9af22c9dc292c20c6742141ee7c55b5e85460beb0c54e",
    "https://deno.land/std@0.191.0/streams/reader_from_iterable.ts": "55f68110dce3f8f2c87b834d95f153bc904257fc65175f9f2abe78455cb8047c",
    "https://deno.land/std@0.191.0/streams/reader_from_stream_reader.ts": "fa4971e5615a010e49492c5d1688ca1a4d17472a41e98b498ab89a64ebd7ac73",
    "https://deno.land/std@0.191.0/streams/text_delimiter_stream.ts": "20e680ab8b751390e359288ce764f9c47d164af11a263870746eeca4bc7d976b",
    "https://deno.land/std@0.191.0/streams/text_line_stream.ts": "0f2c4b33a5fdb2476f2e060974cba1347cefe99a4af33c28a57524b1a34750fa",
    "https://deno.land/std@0.191.0/streams/to_transform_stream.ts": "7f55fc0b14cf3ed0f8d10d8f41d05bdc40726e44a65c37f58705d10a615f0159",
    "https://deno.land/std@0.191.0/streams/writable_stream_from_writer.ts": "56fff5c82fb736fdd669b567cc0b2bbbe0351002cd13254eae26c366e2bed89a",
    "https://deno.land/std@0.191.0/streams/write_all.ts": "aec90152978581ea62d56bb53a5cbf487e6a89c902f87c5969681ffbdf32b998",
    "https://deno.land/std@0.191.0/streams/writer_from_stream_writer.ts": "07c7ee025151a190f37fc42cbb01ff93afc949119ebddc6e0d0df14df1bf6950",
    "https://deno.land/std@0.191.0/streams/zip_readable_streams.ts": "a9d81aa451240f79230add674809dbee038d93aabe286e2d9671e66591fc86ca",
    "https://deno.land/std@0.191.0/testing/_diff.ts": "1a3c044aedf77647d6cac86b798c6417603361b66b54c53331b312caeb447aea",
    "https://deno.land/std@0.191.0/testing/_format.ts": "a69126e8a469009adf4cf2a50af889aca364c349797e63174884a52ff75cf4c7",
    "https://deno.land/std@0.191.0/testing/_test_suite.ts": "30f018feeb3835f12ab198d8a518f9089b1bcb2e8c838a8b615ab10d5005465c",
    "https://deno.land/std@0.191.0/testing/asserts.ts": "e16d98b4d73ffc4ed498d717307a12500ae4f2cbe668f1a215632d19fcffc22f",
    "https://deno.land/std@0.191.0/testing/bdd.ts": "59f7f7503066d66a12e50ace81bfffae5b735b6be1208f5684b630ae6b4de1d0",
    "https://deno.land/std@0.191.0/types.d.ts": "dbaeb2c4d7c526db9828fc8df89d8aecf53b9ced72e0c4568f97ddd8cda616a4",
    "https://deno.land/std@0.192.0/_util/asserts.ts": "178dfc49a464aee693a7e285567b3d0b555dc805ff490505a8aae34f9cfb1462",
    "https://deno.land/std@0.192.0/_util/os.ts": "d932f56d41e4f6a6093d56044e29ce637f8dcc43c5a90af43504a889cf1775e3",
    "https://deno.land/std@0.192.0/async/deferred.ts": "42790112f36a75a57db4a96d33974a936deb7b04d25c6084a9fa8a49f135def8",
    "https://deno.land/std@0.192.0/bytes/bytes_list.ts": "31d664f4d42fa922066405d0e421c56da89d751886ee77bbe25a88bf0310c9d0",
    "https://deno.land/std@0.192.0/bytes/copy.ts": "939d89e302a9761dcf1d9c937c7711174ed74c59eef40a1e4569a05c9de88219",
    "https://deno.land/std@0.192.0/io/buffer.ts": "17f4410eaaa60a8a85733e8891349a619eadfbbe42e2f319283ce2b8f29723ab",
    "https://deno.land/std@0.192.0/path/_constants.ts": "e49961f6f4f48039c0dfed3c3f93e963ca3d92791c9d478ac5b43183413136e0",
    "https://deno.land/std@0.192.0/path/_interface.ts": "6471159dfbbc357e03882c2266d21ef9afdb1e4aa771b0545e90db58a0ba314b",
    "https://deno.land/std@0.192.0/path/_util.ts": "d7abb1e0dea065f427b89156e28cdeb32b045870acdf865833ba808a73b576d0",
    "https://deno.land/std@0.192.0/path/common.ts": "ee7505ab01fd22de3963b64e46cff31f40de34f9f8de1fff6a1bd2fe79380000",
    "https://deno.land/std@0.192.0/path/glob.ts": "d479e0a695621c94d3fd7fe7abd4f9499caf32a8de13f25073451c6ef420a4e1",
    "https://deno.land/std@0.192.0/path/mod.ts": "f065032a7189404fdac3ad1a1551a9ac84751d2f25c431e101787846c86c79ef",
    "https://deno.land/std@0.192.0/path/posix.ts": "8b7c67ac338714b30c816079303d0285dd24af6b284f7ad63da5b27372a2c94d",
    "https://deno.land/std@0.192.0/path/separator.ts": "0fb679739d0d1d7bf45b68dacfb4ec7563597a902edbaf3c59b50d5bcadd93b1",
    "https://deno.land/std@0.192.0/path/win32.ts": "d186344e5583bcbf8b18af416d13d82b35a317116e6460a5a3953508c3de5bba",
    "https://deno.land/std@0.192.0/streams/_common.ts": "f45cba84f0d813de3326466095539602364a9ba521f804cc758f7a475cda692d",
    "https://deno.land/std@0.192.0/streams/buffer.ts": "d5b3d7d0299114e5b2ea895a8bf202a687fd915c5282f8096c7bae23b5a04407",
    "https://deno.land/std@0.192.0/streams/byte_slice_stream.ts": "225d57263a34325d7c96cb3dafeb478eec0e6fd05cd0458d678752eadd132bb4",
    "https://deno.land/std@0.192.0/streams/copy.ts": "75cbc795ff89291df22ddca5252de88b2e16d40c85d02840593386a8a1454f71",
    "https://deno.land/std@0.192.0/streams/delimiter_stream.ts": "f69e849b3d1f59f02424497273f411105a6f76a9f13da92aeeb9a2d554236814",
    "https://deno.land/std@0.192.0/streams/early_zip_readable_streams.ts": "4005fa74162b943f79899e5d7cb96adcbc0a6b867f9144974ed12d30e0a556e1",
    "https://deno.land/std@0.192.0/streams/iterate_reader.ts": "bbec1d45c2df2c0c5920bad0549351446fdc8e0886d99e95959b259dbcdb6072",
    "https://deno.land/std@0.192.0/streams/limited_bytes_transform_stream.ts": "05dc592ffaab83257494d22dd53917e56243c26e5e3129b3f13ddbbbc4785048",
    "https://deno.land/std@0.192.0/streams/limited_transform_stream.ts": "d69ab790232c1b86f53621ad41ef03c235f2abb4b7a1cd51960ad6e12ee55e38",
    "https://deno.land/std@0.192.0/streams/merge_readable_streams.ts": "dc2db0cbf1b14d999aa2aa2a2a1ba24ce58953878f29845ed9319321d0a01fab",
    "https://deno.land/std@0.192.0/streams/mod.ts": "c07ec010e700b9ea887dc36ca08729828bc7912f711e4054e24d33fd46282252",
    "https://deno.land/std@0.192.0/streams/read_all.ts": "ee319772fb0fd28302f97343cc48dfcf948f154fd0d755d8efe65814b70533be",
    "https://deno.land/std@0.192.0/streams/readable_stream_from_iterable.ts": "cd4bb9e9bf6dbe84c213beb1f5085c326624421671473e410cfaecad15f01865",
    "https://deno.land/std@0.192.0/streams/readable_stream_from_reader.ts": "bfc416c4576a30aac6b9af22c9dc292c20c6742141ee7c55b5e85460beb0c54e",
    "https://deno.land/std@0.192.0/streams/reader_from_iterable.ts": "55f68110dce3f8f2c87b834d95f153bc904257fc65175f9f2abe78455cb8047c",
    "https://deno.land/std@0.192.0/streams/reader_from_stream_reader.ts": "fa4971e5615a010e49492c5d1688ca1a4d17472a41e98b498ab89a64ebd7ac73",
    "https://deno.land/std@0.192.0/streams/text_delimiter_stream.ts": "20e680ab8b751390e359288ce764f9c47d164af11a263870746eeca4bc7d976b",
    "https://deno.land/std@0.192.0/streams/text_line_stream.ts": "0f2c4b33a5fdb2476f2e060974cba1347cefe99a4af33c28a57524b1a34750fa",
    "https://deno.land/std@0.192.0/streams/to_transform_stream.ts": "7f55fc0b14cf3ed0f8d10d8f41d05bdc40726e44a65c37f58705d10a615f0159",
    "https://deno.land/std@0.192.0/streams/writable_stream_from_writer.ts": "56fff5c82fb736fdd669b567cc0b2bbbe0351002cd13254eae26c366e2bed89a",
    "https://deno.land/std@0.192.0/streams/write_all.ts": "aec90152978581ea62d56bb53a5cbf487e6a89c902f87c5969681ffbdf32b998",
    "https://deno.land/std@0.192.0/streams/writer_from_stream_writer.ts": "07c7ee025151a190f37fc42cbb01ff93afc949119ebddc6e0d0df14df1bf6950",
    "https://deno.land/std@0.192.0/streams/zip_readable_streams.ts": "a9d81aa451240f79230add674809dbee038d93aabe286e2d9671e66591fc86ca",
    "https://deno.land/std@0.192.0/types.d.ts": "dbaeb2c4d7c526db9828fc8df89d8aecf53b9ced72e0c4568f97ddd8cda616a4",
    "https://deno.land/x/grammy@v1.17.2/bot.ts": "ffce94b3a89ae0709239f444a47a3c3a83ad661db2ec20ec93f116e5c97d8da3",
    "https://deno.land/x/grammy@v1.17.2/composer.ts": "8660f86990f4ef2afc4854a1f2610bb8d60f88116f3a57c8e5515a77b277f82d",
    "https://deno.land/x/grammy@v1.17.2/context.ts": "7fe20f84637b5dd5ff2658a9e4fa0b84008480418a1196698f954eaa79583675",
    "https://deno.land/x/grammy@v1.17.2/convenience/constants.ts": "43543431827be02dcafcbca922c501a2f95e89cdc10623fd9dc0d6c5f8cf0002",
    "https://deno.land/x/grammy@v1.17.2/convenience/frameworks.ts": "4d4e5ecdcb4f48d3b317c35d8201800c45002e1e195af1b5d7609617f4bdc656",
    "https://deno.land/x/grammy@v1.17.2/convenience/inline_query.ts": "409d1940c7670708064efa495003bcbfdf6763a756b2e6303c464489fd3394ff",
    "https://deno.land/x/grammy@v1.17.2/convenience/input_media.ts": "7af72a5fdb1af0417e31b1327003f536ddfdf64e06ab8bc7f5da6b574de38658",
    "https://deno.land/x/grammy@v1.17.2/convenience/keyboard.ts": "21220dc2321c40203c699fa4eb7b07ed8217956ea0477c241a551224a58a278d",
    "https://deno.land/x/grammy@v1.17.2/convenience/session.ts": "f9b7a0737cb813810731a3c29c3f5f84a457f493f9e7651e132daab9b58b08e9",
    "https://deno.land/x/grammy@v1.17.2/convenience/webhook.ts": "f1da7d6426171fb7b5d5f6b59633f91d3bab9a474eea821f714932650965eb9e",
    "https://deno.land/x/grammy@v1.17.2/core/api.ts": "fe30690fb5a32a663780ae28c02a97aeb134b6fc7bc056e32a32ffbd398b62ac",
    "https://deno.land/x/grammy@v1.17.2/core/client.ts": "8914f13b2cb69f16104a9711e4fea0a4500edd0950736dcc3ac078ab46f7a5ab",
    "https://deno.land/x/grammy@v1.17.2/core/error.ts": "4638b2127ebe60249c78b83011d468f5e1e1a87748d32fe11a8200d9f824ad13",
    "https://deno.land/x/grammy@v1.17.2/core/payload.ts": "420e17c3c2830b5576ea187cfce77578fe09f1204b25c25ea2f220ca7c86e73b",
    "https://deno.land/x/grammy@v1.17.2/filter.ts": "edcecb46b38f54b93b9b5892bdce1b194b9ce437706ddba0a166bbc26d0a38c0",
    "https://deno.land/x/grammy@v1.17.2/mod.ts": "b81cccf69779667b36bef5d0373d1567684917a3b9827873f3de7a7e6af1926f",
    "https://deno.land/x/grammy@v1.17.2/platform.deno.ts": "6ba4f12a4df6d2374aa94471db6138d2fe26dec19aa23e13d0794d8dc6e1772f",
    "https://deno.land/x/grammy@v1.17.2/types.deno.ts": "47059ef698d79a6edf853a6b9da8c93b8b7a9bf35ce500208a02a8bad3e33177",
    "https://deno.land/x/grammy@v1.17.2/types.ts": "729415590dfa188dbe924dea614dff4e976babdbabb28a307b869fc25777cdf0",
    "https://deno.land/x/grammy_ratelimiter@v1.1.6/memoryStore.ts": "5cfd1b4110a18c583c64022a899b743163b90560a2926edcbb45c5643e1efc70",
    "https://deno.land/x/grammy_ratelimiter@v1.1.6/mod.ts": "9828560daa984d8a73b78ff4192ff9ad6921cae4a62e67097c463b4dcf723b2b",
    "https://deno.land/x/grammy_ratelimiter@v1.1.6/rateLimiter.ts": "4944d734c3ba38c26543c4addb2a8bf4100e670cc4727d47b6af0ec895a4d5c9",
    "https://deno.land/x/grammy_ratelimiter@v1.1.6/redisStore.ts": "a913b50339518a0e481cf59de9df57ee72f931806135d614897b8ce6cf09839e",
    "https://deno.land/x/grammy_ratelimiter@v1.1.6/typesAndDefaults.ts": "d243b87c5ec32a170a38dd0250be5bf48d2191ef705ad54e10a5a50589ae6821",
    "https://deno.land/x/grammy_runner@v2.0.3/deps.deno.ts": "bbbaffd1020e0c91acacf02fbc43cdaee04f1d63446cb6a42255d36a0c0e86d4",
    "https://deno.land/x/grammy_runner@v2.0.3/distribute.ts": "318ed928c437ce0a09956abfa40c0b937bb507dc276bc3db5d571e15a4d1ede1",
    "https://deno.land/x/grammy_runner@v2.0.3/mod.ts": "53c08b39527b0b47ffdf4c5996bc3cfbac802ab37074a7b900b2a63d3db273d3",
    "https://deno.land/x/grammy_runner@v2.0.3/platform.deno.ts": "5990d453979176708af79baea54ba2bc4bdc662079f088ce7668b9f4d1962b8c",
    "https://deno.land/x/grammy_runner@v2.0.3/queue.ts": "d715f98096405c558c2657ef245b5acd1b5de916eed39dbad1399db18e57e0f7",
    "https://deno.land/x/grammy_runner@v2.0.3/runner.ts": "2600b9bd39e724d5c629c94e541f497868dfde6cf55be7745dc1d777c8a8b180",
    "https://deno.land/x/grammy_runner@v2.0.3/sequentialize.ts": "137764a109ff3fe4bc8809b6d1d8865ed5c2ad8b649e7553b10302d70bf2e7fb",
    "https://deno.land/x/grammy_runner@v2.0.3/sink.ts": "4c0acb814dee97ffffaea145413b53ccf64c0b00f105b0993383f25111ed8702",
    "https://deno.land/x/grammy_runner@v2.0.3/source.ts": "68ce5aefa92205db4710c8ac313e0c8e8c2577dd1b88f350b32ee33549188d01",
    "https://deno.land/x/grammy_runner@v2.0.3/worker.ts": "b6f88b9fde15a8dd892c8d4781e8010ef37b80faf04d6ad18db4a43e4faa42ad",
    "https://deno.land/x/grammy_transformer_throttler@v1.2.1/deps.deno.ts": "07206f3858fdf585ad2fe96a1feef84330528208255da7018873de839014f28f",
    "https://deno.land/x/grammy_transformer_throttler@v1.2.1/mod.ts": "5a4d2132f9fb641a44233257bbb012b3157ccd3b377126a586b64a00a69719a9",
    "https://deno.land/x/grammy_types@v3.1.1/api.ts": "efc90a31eb6f59ae5e7a4cf5838f46529e2fa6fa7e97a51a82dbd28afad21592",
    "https://deno.land/x/grammy_types@v3.1.1/inline.ts": "8b94cee32f193dc5c689202a78d6525f6c167cc3e10b5e568c0315f654654586",
    "https://deno.land/x/grammy_types@v3.1.1/manage.ts": "0872ba14a17318bc9a3b8911bea2f24e92bae84a9d0493251454a7b03c357614",
    "https://deno.land/x/grammy_types@v3.1.1/markup.ts": "73348ed0be8926a3057fe7d9e60212326b65bb0fe7848f3cf198dd0eb42734f4",
    "https://deno.land/x/grammy_types@v3.1.1/message.ts": "e21f2df52dd1948353a93db742bcc3b4deacf9f7117b70c358bde7042d79cf83",
    "https://deno.land/x/grammy_types@v3.1.1/methods.ts": "91d345f824360650c1c2aaaebb1bed8bab7df0bb38570cc7a5c58f9b7bb2c658",
    "https://deno.land/x/grammy_types@v3.1.1/mod.ts": "42b1229baba254db0e5b9232580940e3c14e02048d5a982d29c67d2c86dc14e0",
    "https://deno.land/x/grammy_types@v3.1.1/passport.ts": "e3fb63aec96510bcc317ef48fd25b435444b8f407502d7568c00fce15f2958fd",
    "https://deno.land/x/grammy_types@v3.1.1/payment.ts": "d23e9038c5b479b606e620dd84e3e67b6642ada110a962f2d5b5286e99ec7de5",
    "https://deno.land/x/grammy_types@v3.1.1/settings.ts": "5e989f5bd6c587d55673bd8052293869aa2f372e9223dd7f6e28632bfe021b6e",
    "https://deno.land/x/grammy_types@v3.1.1/update.ts": "b60c2aa5f8060a3fa429dda282cb5c7267899fa17bb9000e248f31abadfb5087",
    "https://deno.land/x/grammy_types@v3.1.2/api.ts": "efc90a31eb6f59ae5e7a4cf5838f46529e2fa6fa7e97a51a82dbd28afad21592",
    "https://deno.land/x/grammy_types@v3.1.2/inline.ts": "8b94cee32f193dc5c689202a78d6525f6c167cc3e10b5e568c0315f654654586",
    "https://deno.land/x/grammy_types@v3.1.2/manage.ts": "0872ba14a17318bc9a3b8911bea2f24e92bae84a9d0493251454a7b03c357614",
    "https://deno.land/x/grammy_types@v3.1.2/markup.ts": "73348ed0be8926a3057fe7d9e60212326b65bb0fe7848f3cf198dd0eb42734f4",
    "https://deno.land/x/grammy_types@v3.1.2/message.ts": "e21f2df52dd1948353a93db742bcc3b4deacf9f7117b70c358bde7042d79cf83",
    "https://deno.land/x/grammy_types@v3.1.2/methods.ts": "91d345f824360650c1c2aaaebb1bed8bab7df0bb38570cc7a5c58f9b7bb2c658",
    "https://deno.land/x/grammy_types@v3.1.2/mod.ts": "7b5f421b4fbb1761f7f0d68328eaddd515f3222ce3f3cdfbedd8d5a4781e91a7",
    "https://deno.land/x/grammy_types@v3.1.2/passport.ts": "e3fb63aec96510bcc317ef48fd25b435444b8f407502d7568c00fce15f2958fd",
    "https://deno.land/x/grammy_types@v3.1.2/payment.ts": "d23e9038c5b479b606e620dd84e3e67b6642ada110a962f2d5b5286e99ec7de5",
    "https://deno.land/x/grammy_types@v3.1.2/settings.ts": "5e989f5bd6c587d55673bd8052293869aa2f372e9223dd7f6e28632bfe021b6e",
    "https://deno.land/x/grammy_types@v3.1.2/update.ts": "b60c2aa5f8060a3fa429dda282cb5c7267899fa17bb9000e248f31abadfb5087",
    "https://deno.land/x/zod@v3.21.4/ZodError.ts": "4de18ff525e75a0315f2c12066b77b5c2ae18c7c15ef7df7e165d63536fdf2ea",
    "https://deno.land/x/zod@v3.21.4/errors.ts": "5285922d2be9700cc0c70c95e4858952b07ae193aa0224be3cbd5cd5567eabef",
    "https://deno.land/x/zod@v3.21.4/external.ts": "a6cfbd61e9e097d5f42f8a7ed6f92f93f51ff927d29c9fbaec04f03cbce130fe",
    "https://deno.land/x/zod@v3.21.4/helpers/enumUtil.ts": "54efc393cc9860e687d8b81ff52e980def00fa67377ad0bf8b3104f8a5bf698c",
    "https://deno.land/x/zod@v3.21.4/helpers/errorUtil.ts": "7a77328240be7b847af6de9189963bd9f79cab32bbc61502a9db4fe6683e2ea7",
    "https://deno.land/x/zod@v3.21.4/helpers/parseUtil.ts": "51a76c126ee212be86013d53a9d07f87e9ae04bb1496f2558e61b62cb74a6aa8",
    "https://deno.land/x/zod@v3.21.4/helpers/partialUtil.ts": "998c2fe79795257d4d1cf10361e74492f3b7d852f61057c7c08ac0a46488b7e7",
    "https://deno.land/x/zod@v3.21.4/helpers/typeAliases.ts": "0fda31a063c6736fc3cf9090dd94865c811dfff4f3cb8707b932bf937c6f2c3e",
    "https://deno.land/x/zod@v3.21.4/helpers/util.ts": "8baf19b19b2fca8424380367b90364b32503b6b71780269a6e3e67700bb02774",
    "https://deno.land/x/zod@v3.21.4/index.ts": "d27aabd973613985574bc31f39e45cb5d856aa122ef094a9f38a463b8ef1a268",
    "https://deno.land/x/zod@v3.21.4/locales/en.ts": "a7a25cd23563ccb5e0eed214d9b31846305ddbcdb9c5c8f508b108943366ab4c",
    "https://deno.land/x/zod@v3.21.4/mod.ts": "64e55237cb4410e17d968cd08975566059f27638ebb0b86048031b987ba251c4",
    "https://deno.land/x/zod@v3.21.4/types.ts": "b5d061babea250de14fc63764df5b3afa24f2b088a1d797fc060ba49a0ddff28",
    "https://esm.sh/bottleneck@2.19.5": "93e8babb4dcc399509c20a69c739063fb057ecaaa021b30792a1167f34445f78",
    "https://esm.sh/v128/bottleneck@2.19.5/bottleneck.d.ts": "bf3fce05e783f096a4b2bba3305801804f230178d9b36a13f6632dd157d6f7c0",
    "https://esm.sh/v128/bottleneck@2.19.5/denonext/bottleneck.mjs": "553e2770ebf80e30b5ceda2a29d158f983090d11eab0d5301e0843ab54417e95"
  },
  "npm": {
    "specifiers": {
      "@grammyjs/auto-retry@^1.1.1": "@grammyjs/auto-retry@1.1.1",
      "awilix@^8.0.1": "awilix@8.0.1",
      "axios@^1.4.0": "axios@1.4.0",
      "handlebars@^4.7.7": "handlebars@4.7.7"
    },
    "packages": {
      "@grammyjs/auto-retry@1.1.1": {
        "integrity": "sha512-vaQDl45Unhidi4r5+JrwDKfmPFJuJpAh9YmE38pACcP3TyKnwUMQxQ3bRdl0Y1ME/uBwTm9YiX1pwol0vnubCw==",
        "dependencies": {}
      },
      "@nodelib/fs.scandir@2.1.5": {
        "integrity": "sha512-vq24Bq3ym5HEQm2NKCr3yXDwjc7vTsEThRDnkp2DK9p1uqLR+DHurm/NOTo0KG7HYHU7eppKZj3MyqYuMBf62g==",
        "dependencies": {
          "@nodelib/fs.stat": "@nodelib/fs.stat@2.0.5",
          "run-parallel": "run-parallel@1.2.0"
        }
      },
      "@nodelib/fs.stat@2.0.5": {
        "integrity": "sha512-RkhPPp2zrqDAQA/2jNhnztcPAlv64XdhIp7a7454A5ovI7Bukxgt7MX7udwAu3zg1DcpPU0rz3VV1SeaqvY4+A==",
        "dependencies": {}
      },
      "@nodelib/fs.walk@1.2.8": {
        "integrity": "sha512-oGB+UxlgWcgQkgwo8GcEGwemoTFt3FIO9ababBmaGwXIoBKZ+GTy0pP185beGg7Llih/NSHSV2XAs1lnznocSg==",
        "dependencies": {
          "@nodelib/fs.scandir": "@nodelib/fs.scandir@2.1.5",
          "fastq": "fastq@1.15.0"
        }
      },
      "asynckit@0.4.0": {
        "integrity": "sha512-Oei9OH4tRh0YqU3GxhX79dM/mwVgvbZJaSNaRk+bshkj0S5cfHcgYakreBjrHwatXKbz+IoIdYLxrKim2MjW0Q==",
        "dependencies": {}
      },
      "awilix@8.0.1": {
        "integrity": "sha512-zDSp4R204scvQIDb2GMoWigzXemn0+3AKKIAt543T9v2h7lmoypvkmcx1W/Jet/nm27R1N1AsqrsYVviAR9KrA==",
        "dependencies": {
          "camel-case": "camel-case@4.1.2",
          "fast-glob": "fast-glob@3.3.0"
        }
      },
      "axios@1.4.0": {
        "integrity": "sha512-S4XCWMEmzvo64T9GfvQDOXgYRDJ/wsSZc7Jvdgx5u1sd0JwsuPLqb3SYmusag+edF6ziyMensPVqLTSc1PiSEA==",
        "dependencies": {
          "follow-redirects": "follow-redirects@1.15.2",
          "form-data": "form-data@4.0.0",
          "proxy-from-env": "proxy-from-env@1.1.0"
        }
      },
      "braces@3.0.2": {
        "integrity": "sha512-b8um+L1RzM3WDSzvhm6gIz1yfTbBt6YTlcEKAvsmqCZZFw46z626lVj9j1yEPW33H5H+lBQpZMP1k8l+78Ha0A==",
        "dependencies": {
          "fill-range": "fill-range@7.0.1"
        }
      },
      "camel-case@4.1.2": {
        "integrity": "sha512-gxGWBrTT1JuMx6R+o5PTXMmUnhnVzLQ9SNutD4YqKtI6ap897t3tKECYla6gCWEkplXnlNybEkZg9GEGxKFCgw==",
        "dependencies": {
          "pascal-case": "pascal-case@3.1.2",
          "tslib": "tslib@2.6.0"
        }
      },
      "combined-stream@1.0.8": {
        "integrity": "sha512-FQN4MRfuJeHf7cBbBMJFXhKSDq+2kAArBlmRBvcvFE5BB1HZKXtSFASDhdlz9zOYwxh8lDdnvmMOe/+5cdoEdg==",
        "dependencies": {
          "delayed-stream": "delayed-stream@1.0.0"
        }
      },
      "delayed-stream@1.0.0": {
        "integrity": "sha512-ZySD7Nf91aLB0RxL4KGrKHBXl7Eds1DAmEdcoVawXnLD7SDhpNgtuII2aAkg7a7QS41jxPSZ17p4VdGnMHk3MQ==",
        "dependencies": {}
      },
      "fast-glob@3.3.0": {
        "integrity": "sha512-ChDuvbOypPuNjO8yIDf36x7BlZX1smcUMTTcyoIjycexOxd6DFsKsg21qVBzEmr3G7fUKIRy2/psii+CIUt7FA==",
        "dependencies": {
          "@nodelib/fs.stat": "@nodelib/fs.stat@2.0.5",
          "@nodelib/fs.walk": "@nodelib/fs.walk@1.2.8",
          "glob-parent": "glob-parent@5.1.2",
          "merge2": "merge2@1.4.1",
          "micromatch": "micromatch@4.0.5"
        }
      },
      "fastq@1.15.0": {
        "integrity": "sha512-wBrocU2LCXXa+lWBt8RoIRD89Fi8OdABODa/kEnyeyjS5aZO5/GNvI5sEINADqP/h8M29UHTHUb53sUu5Ihqdw==",
        "dependencies": {
          "reusify": "reusify@1.0.4"
        }
      },
      "fill-range@7.0.1": {
        "integrity": "sha512-qOo9F+dMUmC2Lcb4BbVvnKJxTPjCm+RRpe4gDuGrzkL7mEVl/djYSu2OdQ2Pa302N4oqkSg9ir6jaLWJ2USVpQ==",
        "dependencies": {
          "to-regex-range": "to-regex-range@5.0.1"
        }
      },
      "follow-redirects@1.15.2": {
        "integrity": "sha512-VQLG33o04KaQ8uYi2tVNbdrWp1QWxNNea+nmIB4EVM28v0hmP17z7aG1+wAkNzVq4KeXTq3221ye5qTJP91JwA==",
        "dependencies": {}
      },
      "form-data@4.0.0": {
        "integrity": "sha512-ETEklSGi5t0QMZuiXoA/Q6vcnxcLQP5vdugSpuAyi6SVGi2clPPp+xgEhuMaHC+zGgn31Kd235W35f7Hykkaww==",
        "dependencies": {
          "asynckit": "asynckit@0.4.0",
          "combined-stream": "combined-stream@1.0.8",
          "mime-types": "mime-types@2.1.35"
        }
      },
      "glob-parent@5.1.2": {
        "integrity": "sha512-AOIgSQCepiJYwP3ARnGx+5VnTu2HBYdzbGP45eLw1vr3zB3vZLeyed1sC9hnbcOc9/SrMyM5RPQrkGz4aS9Zow==",
        "dependencies": {
          "is-glob": "is-glob@4.0.3"
        }
      },
      "handlebars@4.7.7": {
        "integrity": "sha512-aAcXm5OAfE/8IXkcZvCepKU3VzW1/39Fb5ZuqMtgI/hT8X2YgoMvBY5dLhq/cpOvw7Lk1nK/UF71aLG/ZnVYRA==",
        "dependencies": {
          "minimist": "minimist@1.2.8",
          "neo-async": "neo-async@2.6.2",
          "source-map": "source-map@0.6.1",
          "uglify-js": "uglify-js@3.17.4",
          "wordwrap": "wordwrap@1.0.0"
        }
      },
      "is-extglob@2.1.1": {
        "integrity": "sha512-SbKbANkN603Vi4jEZv49LeVJMn4yGwsbzZworEoyEiutsN3nJYdbO36zfhGJ6QEDpOZIFkDtnq5JRxmvl3jsoQ==",
        "dependencies": {}
      },
      "is-glob@4.0.3": {
        "integrity": "sha512-xelSayHH36ZgE7ZWhli7pW34hNbNl8Ojv5KVmkJD4hBdD3th8Tfk9vYasLM+mXWOZhFkgZfxhLSnrwRr4elSSg==",
        "dependencies": {
          "is-extglob": "is-extglob@2.1.1"
        }
      },
      "is-number@7.0.0": {
        "integrity": "sha512-41Cifkg6e8TylSpdtTpeLVMqvSBEVzTttHvERD741+pnZ8ANv0004MRL43QKPDlK9cGvNp6NZWZUBlbGXYxxng==",
        "dependencies": {}
      },
      "lower-case@2.0.2": {
        "integrity": "sha512-7fm3l3NAF9WfN6W3JOmf5drwpVqX78JtoGJ3A6W0a6ZnldM41w2fV5D490psKFTpMds8TJse/eHLFFsNHHjHgg==",
        "dependencies": {
          "tslib": "tslib@2.6.0"
        }
      },
      "merge2@1.4.1": {
        "integrity": "sha512-8q7VEgMJW4J8tcfVPy8g09NcQwZdbwFEqhe/WZkoIzjn/3TGDwtOCYtXGxA3O8tPzpczCCDgv+P2P5y00ZJOOg==",
        "dependencies": {}
      },
      "micromatch@4.0.5": {
        "integrity": "sha512-DMy+ERcEW2q8Z2Po+WNXuw3c5YaUSFjAO5GsJqfEl7UjvtIuFKO6ZrKvcItdy98dwFI2N1tg3zNIdKaQT+aNdA==",
        "dependencies": {
          "braces": "braces@3.0.2",
          "picomatch": "picomatch@2.3.1"
        }
      },
      "mime-db@1.52.0": {
        "integrity": "sha512-sPU4uV7dYlvtWJxwwxHD0PuihVNiE7TyAbQ5SWxDCB9mUYvOgroQOwYQQOKPJ8CIbE+1ETVlOoK1UC2nU3gYvg==",
        "dependencies": {}
      },
      "mime-types@2.1.35": {
        "integrity": "sha512-ZDY+bPm5zTTF+YpCrAU9nK0UgICYPT0QtT1NZWFv4s++TNkcgVaT0g6+4R2uI4MjQjzysHB1zxuWL50hzaeXiw==",
        "dependencies": {
          "mime-db": "mime-db@1.52.0"
        }
      },
      "minimist@1.2.8": {
        "integrity": "sha512-2yyAR8qBkN3YuheJanUpWC5U3bb5osDywNB8RzDVlDwDHbocAJveqqj1u8+SVD7jkWT4yvsHCpWqqWqAxb0zCA==",
        "dependencies": {}
      },
      "neo-async@2.6.2": {
        "integrity": "sha512-Yd3UES5mWCSqR+qNT93S3UoYUkqAZ9lLg8a7g9rimsWmYGK8cVToA4/sF3RrshdyV3sAGMXVUmpMYOw+dLpOuw==",
        "dependencies": {}
      },
      "no-case@3.0.4": {
        "integrity": "sha512-fgAN3jGAh+RoxUGZHTSOLJIqUc2wmoBwGR4tbpNAKmmovFoWq0OdRkb0VkldReO2a2iBT/OEulG9XSUc10r3zg==",
        "dependencies": {
          "lower-case": "lower-case@2.0.2",
          "tslib": "tslib@2.6.0"
        }
      },
      "pascal-case@3.1.2": {
        "integrity": "sha512-uWlGT3YSnK9x3BQJaOdcZwrnV6hPpd8jFH1/ucpiLRPh/2zCVJKS19E4GvYHvaCcACn3foXZ0cLB9Wrx1KGe5g==",
        "dependencies": {
          "no-case": "no-case@3.0.4",
          "tslib": "tslib@2.6.0"
        }
      },
      "picomatch@2.3.1": {
        "integrity": "sha512-JU3teHTNjmE2VCGFzuY8EXzCDVwEqB2a8fsIvwaStHhAWJEeVd1o1QD80CU6+ZdEXXSLbSsuLwJjkCBWqRQUVA==",
        "dependencies": {}
      },
      "proxy-from-env@1.1.0": {
        "integrity": "sha512-D+zkORCbA9f1tdWRK0RaCR3GPv50cMxcrz4X8k5LTSUD1Dkw47mKJEZQNunItRTkWwgtaUSo1RVFRIG9ZXiFYg==",
        "dependencies": {}
      },
      "queue-microtask@1.2.3": {
        "integrity": "sha512-NuaNSa6flKT5JaSYQzJok04JzTL1CA6aGhv5rfLW3PgqA+M2ChpZQnAC8h8i4ZFkBS8X5RqkDBHA7r4hej3K9A==",
        "dependencies": {}
      },
      "reusify@1.0.4": {
        "integrity": "sha512-U9nH88a3fc/ekCF1l0/UP1IosiuIjyTh7hBvXVMHYgVcfGvt897Xguj2UOLDeI5BG2m7/uwyaLVT6fbtCwTyzw==",
        "dependencies": {}
      },
      "run-parallel@1.2.0": {
        "integrity": "sha512-5l4VyZR86LZ/lDxZTR6jqL8AFE2S0IFLMP26AbjsLVADxHdhB/c0GUsH+y39UfCi3dzz8OlQuPmnaJOMoDHQBA==",
        "dependencies": {
          "queue-microtask": "queue-microtask@1.2.3"
        }
      },
      "source-map@0.6.1": {
        "integrity": "sha512-UjgapumWlbMhkBgzT7Ykc5YXUT46F0iKu8SGXq0bcwP5dz/h0Plj6enJqjz1Zbq2l5WaqYnrVbwWOWMyF3F47g==",
        "dependencies": {}
      },
      "to-regex-range@5.0.1": {
        "integrity": "sha512-65P7iz6X5yEr1cwcgvQxbbIw7Uk3gOy5dIdtZ4rDveLqhrdJP+Li/Hx6tyK0NEb+2GCyneCMJiGqrADCSNk8sQ==",
        "dependencies": {
          "is-number": "is-number@7.0.0"
        }
      },
      "tslib@2.6.0": {
        "integrity": "sha512-7At1WUettjcSRHXCyYtTselblcHl9PJFFVKiCAy/bY97+BPZXSQ2wbq0P9s8tK2G7dFQfNnlJnPAiArVBVBsfA==",
        "dependencies": {}
      },
      "uglify-js@3.17.4": {
        "integrity": "sha512-T9q82TJI9e/C1TAxYvfb16xO120tMVFZrGA3f9/P4424DNu6ypK103y0GPFVa17yotwSyZW5iYXgjYHkGrJW/g==",
        "dependencies": {}
      },
      "wordwrap@1.0.0": {
        "integrity": "sha512-gvVzJFlPycKc5dZN4yPkP8w7Dc37BtP1yczEneOb4uq34pXZcvrtRTmWV8W+Ume+XCxKgbjM+nevkyFPMybd4Q==",
        "dependencies": {}
      }
    }
  }
}
